
Microsoft Visual Studio Solution File, Format Version 12.00
# Visual Studio Version 16
VisualStudioVersion = 16.0.28917.181
MinimumVisualStudioVersion = 10.0.40219.1
Project("{FAE04EC0-301F-11D3-BF4B-00C04F79EFBC}") = "DNNrocketAPI", "API\DNNrocketAPI.csproj", "{2200F6C3-7D4B-4CDF-908F-DCA37ADFB121}"
EndProject
Project("{2150E333-8FDC-42A3-9474-1A3956D46DE8}") = "Solution Items", "Solution Items", "{14576A6A-F2E6-483D-8DF8-B7ECFFFC1ECE}"
	ProjectSection(SolutionItems) = preProject
		admin.html = admin.html
		adminsystem.html = adminsystem.html
		DNNpackager.config = DNNpackager.config
		globalconfig.xml = globalconfig.xml
		README.md = README.md
		css\w3.css = css\w3.css
	EndProjectSection
EndProject
Project("{9A19103F-16F7-4668-BE54-9A1E7A4F7556}") = "Country", "Country\Country.csproj", "{6E1D0083-655A-4E7F-8408-84526EE67708}"
EndProject
Project("{9A19103F-16F7-4668-BE54-9A1E7A4F7556}") = "SystemData", "SystemData\SystemData.csproj", "{15E0D830-3A96-4FD9-B866-CADF83FDE70E}"
EndProject
Project("{9A19103F-16F7-4668-BE54-9A1E7A4F7556}") = "RocketMod", "RocketMod\RocketMod.csproj", "{1EF89082-4D6B-48FD-A2BB-7CDA6962F734}"
EndProject
Project("{2150E333-8FDC-42A3-9474-1A3956D46DE8}") = "CKEditor", "CKEditor", "{5AB59797-C962-466E-87D5-CE7EC9B72C38}"
	ProjectSection(SolutionItems) = preProject
		DNNpackager.config = DNNpackager.config
		CKEditor\limitedconfig.js = CKEditor\limitedconfig.js
		CKEditor\startup.js = CKEditor\startup.js
		CKEditor\startupfull.js = CKEditor\startupfull.js
	EndProjectSection
EndProject
Project("{9A19103F-16F7-4668-BE54-9A1E7A4F7556}") = "RocketRemoteMod", "RocketRemoteMod\RocketRemoteMod.csproj", "{48AF9A32-54C0-45E9-A517-0BA04FCB08C3}"
EndProject
Project("{9A19103F-16F7-4668-BE54-9A1E7A4F7556}") = "Simplisity", "Simplisity\Simplisity.csproj", "{8E8CF0B2-ED1C-4FD5-BB3A-F3DBB3B33FCB}"
EndProject
Project("{9A19103F-16F7-4668-BE54-9A1E7A4F7556}") = "AppThemes", "AppThemes\AppThemes.csproj", "{C0E932F6-1B4F-4C91-A1D4-4CF2FDC6B7EB}"
EndProject
Project("{9A19103F-16F7-4668-BE54-9A1E7A4F7556}") = "Images", "Images\Images.csproj", "{943897E1-AAF1-40E1-89B9-674B3875E243}"
EndProject
Project("{9A19103F-16F7-4668-BE54-9A1E7A4F7556}") = "Documents", "Documents\Documents.csproj", "{765E1132-A338-4460-AB14-145052650857}"
EndProject
Project("{9A19103F-16F7-4668-BE54-9A1E7A4F7556}") = "FormBuilder", "FormBuilder\FormBuilder.csproj", "{06FAC8D9-0F84-4C9D-B880-22F1D859D635}"
EndProject
Project("{9A19103F-16F7-4668-BE54-9A1E7A4F7556}") = "Tools", "Tools\Tools.csproj", "{6EF1C539-EFB2-45FD-B9E0-F47B3580A8E5}"
EndProject
Project("{9A19103F-16F7-4668-BE54-9A1E7A4F7556}") = "RocketThemes", "..\RocketThemes\RocketThemes.csproj", "{ED7B426F-16FD-4202-B7FD-00ABEBCA8CDC}"
EndProject
Global
	GlobalSection(SolutionConfigurationPlatforms) = preSolution
		Debug|Any CPU = Debug|Any CPU
		Release|Any CPU = Release|Any CPU
	EndGlobalSection
	GlobalSection(ProjectConfigurationPlatforms) = postSolution
		{2200F6C3-7D4B-4CDF-908F-DCA37ADFB121}.Debug|Any CPU.ActiveCfg = Debug|Any CPU
		{2200F6C3-7D4B-4CDF-908F-DCA37ADFB121}.Debug|Any CPU.Build.0 = Debug|Any CPU
		{2200F6C3-7D4B-4CDF-908F-DCA37ADFB121}.Release|Any CPU.ActiveCfg = Release|Any CPU
		{2200F6C3-7D4B-4CDF-908F-DCA37ADFB121}.Release|Any CPU.Build.0 = Release|Any CPU
		{6E1D0083-655A-4E7F-8408-84526EE67708}.Debug|Any CPU.ActiveCfg = Debug|Any CPU
		{6E1D0083-655A-4E7F-8408-84526EE67708}.Debug|Any CPU.Build.0 = Debug|Any CPU
		{6E1D0083-655A-4E7F-8408-84526EE67708}.Release|Any CPU.ActiveCfg = Release|Any CPU
		{6E1D0083-655A-4E7F-8408-84526EE67708}.Release|Any CPU.Build.0 = Release|Any CPU
		{15E0D830-3A96-4FD9-B866-CADF83FDE70E}.Debug|Any CPU.ActiveCfg = Debug|Any CPU
		{15E0D830-3A96-4FD9-B866-CADF83FDE70E}.Debug|Any CPU.Build.0 = Debug|Any CPU
		{15E0D830-3A96-4FD9-B866-CADF83FDE70E}.Release|Any CPU.ActiveCfg = Release|Any CPU
		{15E0D830-3A96-4FD9-B866-CADF83FDE70E}.Release|Any CPU.Build.0 = Release|Any CPU
		{1EF89082-4D6B-48FD-A2BB-7CDA6962F734}.Debug|Any CPU.ActiveCfg = Debug|Any CPU
		{1EF89082-4D6B-48FD-A2BB-7CDA6962F734}.Debug|Any CPU.Build.0 = Debug|Any CPU
		{1EF89082-4D6B-48FD-A2BB-7CDA6962F734}.Release|Any CPU.ActiveCfg = Release|Any CPU
		{1EF89082-4D6B-48FD-A2BB-7CDA6962F734}.Release|Any CPU.Build.0 = Release|Any CPU
		{48AF9A32-54C0-45E9-A517-0BA04FCB08C3}.Debug|Any CPU.ActiveCfg = Debug|Any CPU
		{48AF9A32-54C0-45E9-A517-0BA04FCB08C3}.Debug|Any CPU.Build.0 = Debug|Any CPU
		{48AF9A32-54C0-45E9-A517-0BA04FCB08C3}.Release|Any CPU.ActiveCfg = Release|Any CPU
		{48AF9A32-54C0-45E9-A517-0BA04FCB08C3}.Release|Any CPU.Build.0 = Release|Any CPU
		{8E8CF0B2-ED1C-4FD5-BB3A-F3DBB3B33FCB}.Debug|Any CPU.ActiveCfg = Debug|Any CPU
		{8E8CF0B2-ED1C-4FD5-BB3A-F3DBB3B33FCB}.Debug|Any CPU.Build.0 = Debug|Any CPU
		{8E8CF0B2-ED1C-4FD5-BB3A-F3DBB3B33FCB}.Release|Any CPU.ActiveCfg = Release|Any CPU
		{8E8CF0B2-ED1C-4FD5-BB3A-F3DBB3B33FCB}.Release|Any CPU.Build.0 = Release|Any CPU
		{C0E932F6-1B4F-4C91-A1D4-4CF2FDC6B7EB}.Debug|Any CPU.ActiveCfg = Debug|Any CPU
		{C0E932F6-1B4F-4C91-A1D4-4CF2FDC6B7EB}.Debug|Any CPU.Build.0 = Debug|Any CPU
		{C0E932F6-1B4F-4C91-A1D4-4CF2FDC6B7EB}.Release|Any CPU.ActiveCfg = Release|Any CPU
		{C0E932F6-1B4F-4C91-A1D4-4CF2FDC6B7EB}.Release|Any CPU.Build.0 = Release|Any CPU
		{943897E1-AAF1-40E1-89B9-674B3875E243}.Debug|Any CPU.ActiveCfg = Debug|Any CPU
		{943897E1-AAF1-40E1-89B9-674B3875E243}.Debug|Any CPU.Build.0 = Debug|Any CPU
		{943897E1-AAF1-40E1-89B9-674B3875E243}.Release|Any CPU.ActiveCfg = Release|Any CPU
		{943897E1-AAF1-40E1-89B9-674B3875E243}.Release|Any CPU.Build.0 = Release|Any CPU
		{765E1132-A338-4460-AB14-145052650857}.Debug|Any CPU.ActiveCfg = Debug|Any CPU
		{765E1132-A338-4460-AB14-145052650857}.Debug|Any CPU.Build.0 = Debug|Any CPU
		{765E1132-A338-4460-AB14-145052650857}.Release|Any CPU.ActiveCfg = Release|Any CPU
		{765E1132-A338-4460-AB14-145052650857}.Release|Any CPU.Build.0 = Release|Any CPU
		{06FAC8D9-0F84-4C9D-B880-22F1D859D635}.Debug|Any CPU.ActiveCfg = Debug|Any CPU
		{06FAC8D9-0F84-4C9D-B880-22F1D859D635}.Debug|Any CPU.Build.0 = Debug|Any CPU
		{06FAC8D9-0F84-4C9D-B880-22F1D859D635}.Release|Any CPU.ActiveCfg = Release|Any CPU
		{06FAC8D9-0F84-4C9D-B880-22F1D859D635}.Release|Any CPU.Build.0 = Release|Any CPU
		{6EF1C539-EFB2-45FD-B9E0-F47B3580A8E5}.Debug|Any CPU.ActiveCfg = Debug|Any CPU
		{6EF1C539-EFB2-45FD-B9E0-F47B3580A8E5}.Debug|Any CPU.Build.0 = Debug|Any CPU
		{6EF1C539-EFB2-45FD-B9E0-F47B3580A8E5}.Release|Any CPU.ActiveCfg = Release|Any CPU
		{6EF1C539-EFB2-45FD-B9E0-F47B3580A8E5}.Release|Any CPU.Build.0 = Release|Any CPU
		{ED7B426F-16FD-4202-B7FD-00ABEBCA8CDC}.Debug|Any CPU.ActiveCfg = Debug|Any CPU
		{ED7B426F-16FD-4202-B7FD-00ABEBCA8CDC}.Release|Any CPU.ActiveCfg = Release|Any CPU
	EndGlobalSection
	GlobalSection(SolutionProperties) = preSolution
		HideSolutionNode = FALSE
	EndGlobalSection
	GlobalSection(NestedProjects) = preSolution
		{5AB59797-C962-466E-87D5-CE7EC9B72C38} = {14576A6A-F2E6-483D-8DF8-B7ECFFFC1ECE}
	EndGlobalSection
	GlobalSection(ExtensibilityGlobals) = postSolution
		SolutionGuid = {5246FDCC-59B3-4727-A3B3-159E4DFBC825}
	EndGlobalSection
EndGlobal
