
Microsoft Visual Studio Solution File, Format Version 12.00
# Visual Studio 15
VisualStudioVersion = 15.0.28010.2026
MinimumVisualStudioVersion = 10.0.40219.1
Project("{FAE04EC0-301F-11D3-BF4B-00C04F79EFBC}") = "DNNrocketAPI", "API\DNNrocketAPI.csproj", "{2200F6C3-7D4B-4CDF-908F-DCA37ADFB121}"
EndProject
Project("{2150E333-8FDC-42A3-9474-1A3956D46DE8}") = "Solution Items", "Solution Items", "{14576A6A-F2E6-483D-8DF8-B7ECFFFC1ECE}"
	ProjectSection(SolutionItems) = preProject
		admin.html = admin.html
		adminsystem.html = adminsystem.html
		README.md = README.md
	EndProjectSection
EndProject
Project("{FAE04EC0-301F-11D3-BF4B-00C04F79EFBC}") = "Login", "Login\Login.csproj", "{57F0A549-1C5B-47BB-A7DF-342FE18CB295}"
EndProject
Project("{9A19103F-16F7-4668-BE54-9A1E7A4F7556}") = "Country", "Country\Country.csproj", "{6E1D0083-655A-4E7F-8408-84526EE67708}"
EndProject
Project("{9A19103F-16F7-4668-BE54-9A1E7A4F7556}") = "TestForm", "TestForm\TestForm.csproj", "{0ABF8034-50BA-40B0-9E15-B897B8AC41F6}"
EndProject
Project("{9A19103F-16F7-4668-BE54-9A1E7A4F7556}") = "SystemData", "SystemData\SystemData.csproj", "{15E0D830-3A96-4FD9-B866-CADF83FDE70E}"
EndProject
Project("{9A19103F-16F7-4668-BE54-9A1E7A4F7556}") = "TestList", "TestList\TestList.csproj", "{91EED3F0-CAC0-4180-AD6B-F28FC7BA3D1F}"
EndProject
Project("{9A19103F-16F7-4668-BE54-9A1E7A4F7556}") = "Categories", "Category\Categories.csproj", "{26EEEB95-49BD-4C76-97E1-42C1EBFA98F3}"
EndProject
Project("{9A19103F-16F7-4668-BE54-9A1E7A4F7556}") = "Simplisity", "Simplisity\Simplisity.csproj", "{EA312F3D-9284-4F1F-B395-879721415573}"
EndProject
Project("{9A19103F-16F7-4668-BE54-9A1E7A4F7556}") = "RocketMod", "RocketMod\RocketMod.csproj", "{1EF89082-4D6B-48FD-A2BB-7CDA6962F734}"
EndProject
Global
	GlobalSection(SolutionConfigurationPlatforms) = preSolution
		Debug|Any CPU = Debug|Any CPU
		Release|Any CPU = Release|Any CPU
	EndGlobalSection
	GlobalSection(ProjectConfigurationPlatforms) = postSolution
		{2200F6C3-7D4B-4CDF-908F-DCA37ADFB121}.Debug|Any CPU.ActiveCfg = Debug|Any CPU
		{2200F6C3-7D4B-4CDF-908F-DCA37ADFB121}.Debug|Any CPU.Build.0 = Debug|Any CPU
		{2200F6C3-7D4B-4CDF-908F-DCA37ADFB121}.Release|Any CPU.ActiveCfg = Release|Any CPU
		{2200F6C3-7D4B-4CDF-908F-DCA37ADFB121}.Release|Any CPU.Build.0 = Release|Any CPU
		{57F0A549-1C5B-47BB-A7DF-342FE18CB295}.Debug|Any CPU.ActiveCfg = Debug|Any CPU
		{57F0A549-1C5B-47BB-A7DF-342FE18CB295}.Debug|Any CPU.Build.0 = Debug|Any CPU
		{57F0A549-1C5B-47BB-A7DF-342FE18CB295}.Release|Any CPU.ActiveCfg = Release|Any CPU
		{57F0A549-1C5B-47BB-A7DF-342FE18CB295}.Release|Any CPU.Build.0 = Release|Any CPU
		{6E1D0083-655A-4E7F-8408-84526EE67708}.Debug|Any CPU.ActiveCfg = Debug|Any CPU
		{6E1D0083-655A-4E7F-8408-84526EE67708}.Debug|Any CPU.Build.0 = Debug|Any CPU
		{6E1D0083-655A-4E7F-8408-84526EE67708}.Release|Any CPU.ActiveCfg = Release|Any CPU
		{6E1D0083-655A-4E7F-8408-84526EE67708}.Release|Any CPU.Build.0 = Release|Any CPU
		{0ABF8034-50BA-40B0-9E15-B897B8AC41F6}.Debug|Any CPU.ActiveCfg = Debug|Any CPU
		{0ABF8034-50BA-40B0-9E15-B897B8AC41F6}.Debug|Any CPU.Build.0 = Debug|Any CPU
		{0ABF8034-50BA-40B0-9E15-B897B8AC41F6}.Release|Any CPU.ActiveCfg = Release|Any CPU
		{0ABF8034-50BA-40B0-9E15-B897B8AC41F6}.Release|Any CPU.Build.0 = Release|Any CPU
		{15E0D830-3A96-4FD9-B866-CADF83FDE70E}.Debug|Any CPU.ActiveCfg = Debug|Any CPU
		{15E0D830-3A96-4FD9-B866-CADF83FDE70E}.Debug|Any CPU.Build.0 = Debug|Any CPU
		{15E0D830-3A96-4FD9-B866-CADF83FDE70E}.Release|Any CPU.ActiveCfg = Release|Any CPU
		{15E0D830-3A96-4FD9-B866-CADF83FDE70E}.Release|Any CPU.Build.0 = Release|Any CPU
		{91EED3F0-CAC0-4180-AD6B-F28FC7BA3D1F}.Debug|Any CPU.ActiveCfg = Debug|Any CPU
		{91EED3F0-CAC0-4180-AD6B-F28FC7BA3D1F}.Debug|Any CPU.Build.0 = Debug|Any CPU
		{91EED3F0-CAC0-4180-AD6B-F28FC7BA3D1F}.Release|Any CPU.ActiveCfg = Release|Any CPU
		{91EED3F0-CAC0-4180-AD6B-F28FC7BA3D1F}.Release|Any CPU.Build.0 = Release|Any CPU
		{26EEEB95-49BD-4C76-97E1-42C1EBFA98F3}.Debug|Any CPU.ActiveCfg = Debug|Any CPU
		{26EEEB95-49BD-4C76-97E1-42C1EBFA98F3}.Debug|Any CPU.Build.0 = Debug|Any CPU
		{26EEEB95-49BD-4C76-97E1-42C1EBFA98F3}.Release|Any CPU.ActiveCfg = Release|Any CPU
		{26EEEB95-49BD-4C76-97E1-42C1EBFA98F3}.Release|Any CPU.Build.0 = Release|Any CPU
		{EA312F3D-9284-4F1F-B395-879721415573}.Debug|Any CPU.ActiveCfg = Debug|Any CPU
		{EA312F3D-9284-4F1F-B395-879721415573}.Debug|Any CPU.Build.0 = Debug|Any CPU
		{EA312F3D-9284-4F1F-B395-879721415573}.Release|Any CPU.ActiveCfg = Release|Any CPU
		{EA312F3D-9284-4F1F-B395-879721415573}.Release|Any CPU.Build.0 = Release|Any CPU
		{1EF89082-4D6B-48FD-A2BB-7CDA6962F734}.Debug|Any CPU.ActiveCfg = Debug|Any CPU
		{1EF89082-4D6B-48FD-A2BB-7CDA6962F734}.Debug|Any CPU.Build.0 = Debug|Any CPU
		{1EF89082-4D6B-48FD-A2BB-7CDA6962F734}.Release|Any CPU.ActiveCfg = Release|Any CPU
		{1EF89082-4D6B-48FD-A2BB-7CDA6962F734}.Release|Any CPU.Build.0 = Release|Any CPU
	EndGlobalSection
	GlobalSection(SolutionProperties) = preSolution
		HideSolutionNode = FALSE
	EndGlobalSection
	GlobalSection(ExtensibilityGlobals) = postSolution
		SolutionGuid = {5246FDCC-59B3-4727-A3B3-159E4DFBC825}
	EndGlobalSection
EndGlobal
