
Microsoft Visual Studio Solution File, Format Version 12.00
# Visual Studio Version 18
VisualStudioVersion = 18.3.11505.172
MinimumVisualStudioVersion = 10.0.40219.1
Project("{FAE04EC0-301F-11D3-BF4B-00C04F79EFBC}") = "DNNrocketAPI", "API\DNNrocketAPI.csproj", "{2200F6C3-7D4B-4CDF-908F-DCA37ADFB121}"
EndProject
Project("{2150E333-8FDC-42A3-9474-1A3956D46DE8}") = "Solution Items", "Solution Items", "{14576A6A-F2E6-483D-8DF8-B7ECFFFC1ECE}"
	ProjectSection(SolutionItems) = preProject
		.gitignore = .gitignore
		admin.html = admin.html
		adminsystem.html = adminsystem.html
		..\dnnpack.config = ..\dnnpack.config
		DNNrocketAPI.dnn = DNNrocketAPI.dnn
		Installation.md = Installation.md
		README.md = README.md
		RocketCDS.dnn = RocketCDS.dnn
		RocketCDS.dnnpack = RocketCDS.dnnpack
		RocketCDSupgrade.dnn = RocketCDSupgrade.dnn
		RocketCDSupgrade.dnnpack = RocketCDSupgrade.dnnpack
		css\w3.css = css\w3.css
	EndProjectSection
EndProject
Project("{9A19103F-16F7-4668-BE54-9A1E7A4F7556}") = "Simplisity", "Simplisity\Simplisity.csproj", "{8E8CF0B2-ED1C-4FD5-BB3A-F3DBB3B33FCB}"
EndProject
Project("{9A19103F-16F7-4668-BE54-9A1E7A4F7556}") = "RocketPortal", "RocketPortal\RocketPortal.csproj", "{C7DACAA2-0FD1-49C2-A19B-26F8E2F863DE}"
EndProject
Project("{9A19103F-16F7-4668-BE54-9A1E7A4F7556}") = "AppThemes", "RocketAppTheme\AppThemes.csproj", "{53495277-450E-43EE-A954-40DCF6ECBB4A}"
EndProject
Project("{9A19103F-16F7-4668-BE54-9A1E7A4F7556}") = "RocketTools", "RocketTools\RocketTools.csproj", "{C650794E-A80D-4725-BFD0-E419A2C337F6}"
EndProject
Project("{FAE04EC0-301F-11D3-BF4B-00C04F79EFBC}") = "RocketUtils", "RocketUtils\RocketUtils.csproj", "{DAC6B7D6-213E-4BA6-B199-90AB250DA69D}"
EndProject
Project("{FAE04EC0-301F-11D3-BF4B-00C04F79EFBC}") = "RocketBlogAPI", "..\DNNRocketModules\RocketBlogAPI\RocketBlogAPI.csproj", "{CF488AF4-4B86-938E-1957-FDE478C01885}"
EndProject
Project("{FAE04EC0-301F-11D3-BF4B-00C04F79EFBC}") = "RocketContentAPI", "..\DNNRocketModules\RocketContentAPI\RocketContentAPI.csproj", "{F600B2EF-7803-F48D-D04B-8BA0D7F4E9ED}"
EndProject
Project("{FAE04EC0-301F-11D3-BF4B-00C04F79EFBC}") = "RocketDirectoryAPI", "..\DNNRocketModules\RocketDirectoryAPI\RocketDirectoryAPI.csproj", "{5099C727-6EC9-CFCD-9147-762E70612014}"
EndProject
Project("{FAE04EC0-301F-11D3-BF4B-00C04F79EFBC}") = "RocketEventsAPI", "..\DNNRocketModules\RocketEventsAPI\RocketEventsAPI.csproj", "{CC5D215F-0FE4-C782-6FCE-CC5B9B78634D}"
EndProject
Project("{FAE04EC0-301F-11D3-BF4B-00C04F79EFBC}") = "RocketForms", "..\DNNRocketModules\RocketForms\RocketForms.csproj", "{23A1D184-113A-456F-381E-966AF5784668}"
EndProject
Project("{FAE04EC0-301F-11D3-BF4B-00C04F79EFBC}") = "RocketNewsAPI", "..\DNNRocketModules\RocketNewsAPI\RocketNewsAPI.csproj", "{652C3F8F-F986-D906-4497-6AA13E95FF70}"
EndProject
Project("{FAE04EC0-301F-11D3-BF4B-00C04F79EFBC}") = "RocketBlogMod", "..\RocketModules\RocketBlogMod\RocketBlogMod.csproj", "{BF570339-FFC6-447C-B1DA-DE095678BF82}"
EndProject
Project("{FAE04EC0-301F-11D3-BF4B-00C04F79EFBC}") = "RocketContentMod", "..\RocketModules\RocketContentMod\RocketContentMod.csproj", "{7C4AEBB2-2E36-476E-95FE-F52854C40A02}"
EndProject
Project("{FAE04EC0-301F-11D3-BF4B-00C04F79EFBC}") = "RocketDirectoryMod", "..\RocketModules\RocketDirectoryMod\RocketDirectoryMod.csproj", "{9E42696C-4665-44DA-A2A7-4AAC1A73398C}"
EndProject
Project("{FAE04EC0-301F-11D3-BF4B-00C04F79EFBC}") = "RocketEventsMod", "..\RocketModules\RocketEventsMod\RocketEventsMod.csproj", "{2098990C-697D-46CE-8541-B3B636FBAE21}"
EndProject
Project("{FAE04EC0-301F-11D3-BF4B-00C04F79EFBC}") = "RocketFormsMod", "..\RocketModules\RocketFormsMod\RocketFormsMod.csproj", "{3BB4277A-A2B0-416A-9D0F-167D0DB0507C}"
EndProject
Project("{FAE04EC0-301F-11D3-BF4B-00C04F79EFBC}") = "RocketNewsMod", "..\RocketModules\RocketNewsMod\RocketNewsMod.csproj", "{C8F9D988-B081-4E0A-9082-223C7A8E6F3F}"
EndProject
Project("{FAE04EC0-301F-11D3-BF4B-00C04F79EFBC}") = "RocketEndInstall", "RocketEndInstall\RocketEndInstall.csproj", "{158DF8B0-3924-4C6B-8696-3CD367A73F05}"
EndProject
Project("{FAE04EC0-301F-11D3-BF4B-00C04F79EFBC}") = "RocketCDS.Documentation", "..\..\RocketCDS\Documentation\RocketCDS.Documentation.csproj", "{B9A4F8A9-AAF0-8BB7-18DF-A249208720C5}"
EndProject
Project("{FAE04EC0-301F-11D3-BF4B-00C04F79EFBC}") = "RocketContentRazor", "..\RocketModules\RocketContentRazor\RocketContentRazor.csproj", "{8BC9CEB8-8B4A-11D0-8D11-00A0C91BC942}"
EndProject
Project("{FAE04EC0-301F-11D3-BF4B-00C04F79EFBC}") = "DotNetNuke.Web.MvcPipeline", "..\..\..\..\DNNdevNoForms\Dnn.Platform\DNN Platform\DotNetNuke.Web.MvcPipeline\DotNetNuke.Web.MvcPipeline.csproj", "{B88A1FF0-9BDD-3CFE-CB22-F8F93AC32F00}"
EndProject
Project("{FAE04EC0-301F-11D3-BF4B-00C04F79EFBC}") = "RocketDirectoryRazor", "..\RocketModules\RocketDirectoryRazor\RocketDirectoryRazor.csproj", "{6A2F5734-7E71-4874-B732-49A01472F4C1}"
EndProject
Global
	GlobalSection(SolutionConfigurationPlatforms) = preSolution
		D All|Any CPU = D All|Any CPU
		Debug|Any CPU = Debug|Any CPU
		R All|Any CPU = R All|Any CPU
		Razor|Any CPU = Razor|Any CPU
		Release|Any CPU = Release|Any CPU
	EndGlobalSection
	GlobalSection(ProjectConfigurationPlatforms) = postSolution
		{2200F6C3-7D4B-4CDF-908F-DCA37ADFB121}.D All|Any CPU.ActiveCfg = Debug|Any CPU
		{2200F6C3-7D4B-4CDF-908F-DCA37ADFB121}.D All|Any CPU.Build.0 = Debug|Any CPU
		{2200F6C3-7D4B-4CDF-908F-DCA37ADFB121}.Debug|Any CPU.ActiveCfg = Debug|Any CPU
		{2200F6C3-7D4B-4CDF-908F-DCA37ADFB121}.R All|Any CPU.ActiveCfg = Release|Any CPU
		{2200F6C3-7D4B-4CDF-908F-DCA37ADFB121}.R All|Any CPU.Build.0 = Release|Any CPU
		{2200F6C3-7D4B-4CDF-908F-DCA37ADFB121}.Razor|Any CPU.ActiveCfg = Razor|Any CPU
		{2200F6C3-7D4B-4CDF-908F-DCA37ADFB121}.Release|Any CPU.ActiveCfg = Release|Any CPU
		{8E8CF0B2-ED1C-4FD5-BB3A-F3DBB3B33FCB}.D All|Any CPU.ActiveCfg = Debug|Any CPU
		{8E8CF0B2-ED1C-4FD5-BB3A-F3DBB3B33FCB}.D All|Any CPU.Build.0 = Debug|Any CPU
		{8E8CF0B2-ED1C-4FD5-BB3A-F3DBB3B33FCB}.Debug|Any CPU.ActiveCfg = Debug|Any CPU
		{8E8CF0B2-ED1C-4FD5-BB3A-F3DBB3B33FCB}.R All|Any CPU.ActiveCfg = Release|Any CPU
		{8E8CF0B2-ED1C-4FD5-BB3A-F3DBB3B33FCB}.R All|Any CPU.Build.0 = Release|Any CPU
		{8E8CF0B2-ED1C-4FD5-BB3A-F3DBB3B33FCB}.Razor|Any CPU.ActiveCfg = Razor|Any CPU
		{8E8CF0B2-ED1C-4FD5-BB3A-F3DBB3B33FCB}.Release|Any CPU.ActiveCfg = Release|Any CPU
		{C7DACAA2-0FD1-49C2-A19B-26F8E2F863DE}.D All|Any CPU.ActiveCfg = Debug|Any CPU
		{C7DACAA2-0FD1-49C2-A19B-26F8E2F863DE}.D All|Any CPU.Build.0 = Debug|Any CPU
		{C7DACAA2-0FD1-49C2-A19B-26F8E2F863DE}.Debug|Any CPU.ActiveCfg = Debug|Any CPU
		{C7DACAA2-0FD1-49C2-A19B-26F8E2F863DE}.R All|Any CPU.ActiveCfg = Release|Any CPU
		{C7DACAA2-0FD1-49C2-A19B-26F8E2F863DE}.R All|Any CPU.Build.0 = Release|Any CPU
		{C7DACAA2-0FD1-49C2-A19B-26F8E2F863DE}.Razor|Any CPU.ActiveCfg = Debug|Any CPU
		{C7DACAA2-0FD1-49C2-A19B-26F8E2F863DE}.Release|Any CPU.ActiveCfg = Release|Any CPU
		{53495277-450E-43EE-A954-40DCF6ECBB4A}.D All|Any CPU.ActiveCfg = Debug|Any CPU
		{53495277-450E-43EE-A954-40DCF6ECBB4A}.D All|Any CPU.Build.0 = Debug|Any CPU
		{53495277-450E-43EE-A954-40DCF6ECBB4A}.Debug|Any CPU.ActiveCfg = Debug|Any CPU
		{53495277-450E-43EE-A954-40DCF6ECBB4A}.R All|Any CPU.ActiveCfg = Release|Any CPU
		{53495277-450E-43EE-A954-40DCF6ECBB4A}.R All|Any CPU.Build.0 = Release|Any CPU
		{53495277-450E-43EE-A954-40DCF6ECBB4A}.Razor|Any CPU.ActiveCfg = Razor|Any CPU
		{53495277-450E-43EE-A954-40DCF6ECBB4A}.Release|Any CPU.ActiveCfg = Release|Any CPU
		{C650794E-A80D-4725-BFD0-E419A2C337F6}.D All|Any CPU.ActiveCfg = Debug|Any CPU
		{C650794E-A80D-4725-BFD0-E419A2C337F6}.D All|Any CPU.Build.0 = Debug|Any CPU
		{C650794E-A80D-4725-BFD0-E419A2C337F6}.Debug|Any CPU.ActiveCfg = Debug|Any CPU
		{C650794E-A80D-4725-BFD0-E419A2C337F6}.R All|Any CPU.ActiveCfg = Release|Any CPU
		{C650794E-A80D-4725-BFD0-E419A2C337F6}.R All|Any CPU.Build.0 = Release|Any CPU
		{C650794E-A80D-4725-BFD0-E419A2C337F6}.Razor|Any CPU.ActiveCfg = razor|Any CPU
		{C650794E-A80D-4725-BFD0-E419A2C337F6}.Release|Any CPU.ActiveCfg = Release|Any CPU
		{DAC6B7D6-213E-4BA6-B199-90AB250DA69D}.D All|Any CPU.ActiveCfg = Debug|Any CPU
		{DAC6B7D6-213E-4BA6-B199-90AB250DA69D}.D All|Any CPU.Build.0 = Debug|Any CPU
		{DAC6B7D6-213E-4BA6-B199-90AB250DA69D}.Debug|Any CPU.ActiveCfg = Debug|Any CPU
		{DAC6B7D6-213E-4BA6-B199-90AB250DA69D}.R All|Any CPU.ActiveCfg = Release|Any CPU
		{DAC6B7D6-213E-4BA6-B199-90AB250DA69D}.R All|Any CPU.Build.0 = Release|Any CPU
		{DAC6B7D6-213E-4BA6-B199-90AB250DA69D}.Razor|Any CPU.ActiveCfg = Release|Any CPU
		{DAC6B7D6-213E-4BA6-B199-90AB250DA69D}.Razor|Any CPU.Build.0 = Release|Any CPU
		{DAC6B7D6-213E-4BA6-B199-90AB250DA69D}.Release|Any CPU.ActiveCfg = Release|Any CPU
		{CF488AF4-4B86-938E-1957-FDE478C01885}.D All|Any CPU.ActiveCfg = Debug|Any CPU
		{CF488AF4-4B86-938E-1957-FDE478C01885}.D All|Any CPU.Build.0 = Debug|Any CPU
		{CF488AF4-4B86-938E-1957-FDE478C01885}.Debug|Any CPU.ActiveCfg = Debug|Any CPU
		{CF488AF4-4B86-938E-1957-FDE478C01885}.R All|Any CPU.ActiveCfg = Release|Any CPU
		{CF488AF4-4B86-938E-1957-FDE478C01885}.R All|Any CPU.Build.0 = Release|Any CPU
		{CF488AF4-4B86-938E-1957-FDE478C01885}.Razor|Any CPU.ActiveCfg = Debug|Any CPU
		{CF488AF4-4B86-938E-1957-FDE478C01885}.Razor|Any CPU.Build.0 = Debug|Any CPU
		{CF488AF4-4B86-938E-1957-FDE478C01885}.Release|Any CPU.ActiveCfg = Release|Any CPU
		{F600B2EF-7803-F48D-D04B-8BA0D7F4E9ED}.D All|Any CPU.ActiveCfg = Debug|Any CPU
		{F600B2EF-7803-F48D-D04B-8BA0D7F4E9ED}.D All|Any CPU.Build.0 = Debug|Any CPU
		{F600B2EF-7803-F48D-D04B-8BA0D7F4E9ED}.Debug|Any CPU.ActiveCfg = Debug|Any CPU
		{F600B2EF-7803-F48D-D04B-8BA0D7F4E9ED}.R All|Any CPU.ActiveCfg = Release|Any CPU
		{F600B2EF-7803-F48D-D04B-8BA0D7F4E9ED}.R All|Any CPU.Build.0 = Release|Any CPU
		{F600B2EF-7803-F48D-D04B-8BA0D7F4E9ED}.Razor|Any CPU.ActiveCfg = Debug|Any CPU
		{F600B2EF-7803-F48D-D04B-8BA0D7F4E9ED}.Razor|Any CPU.Build.0 = Debug|Any CPU
		{F600B2EF-7803-F48D-D04B-8BA0D7F4E9ED}.Release|Any CPU.ActiveCfg = Release|Any CPU
		{5099C727-6EC9-CFCD-9147-762E70612014}.D All|Any CPU.ActiveCfg = Debug|Any CPU
		{5099C727-6EC9-CFCD-9147-762E70612014}.D All|Any CPU.Build.0 = Debug|Any CPU
		{5099C727-6EC9-CFCD-9147-762E70612014}.Debug|Any CPU.ActiveCfg = Debug|Any CPU
		{5099C727-6EC9-CFCD-9147-762E70612014}.R All|Any CPU.ActiveCfg = Release|Any CPU
		{5099C727-6EC9-CFCD-9147-762E70612014}.R All|Any CPU.Build.0 = Release|Any CPU
		{5099C727-6EC9-CFCD-9147-762E70612014}.Razor|Any CPU.ActiveCfg = Razor|Any CPU
		{5099C727-6EC9-CFCD-9147-762E70612014}.Razor|Any CPU.Build.0 = Razor|Any CPU
		{5099C727-6EC9-CFCD-9147-762E70612014}.Release|Any CPU.ActiveCfg = Release|Any CPU
		{CC5D215F-0FE4-C782-6FCE-CC5B9B78634D}.D All|Any CPU.ActiveCfg = Debug|Any CPU
		{CC5D215F-0FE4-C782-6FCE-CC5B9B78634D}.D All|Any CPU.Build.0 = Debug|Any CPU
		{CC5D215F-0FE4-C782-6FCE-CC5B9B78634D}.Debug|Any CPU.ActiveCfg = Debug|Any CPU
		{CC5D215F-0FE4-C782-6FCE-CC5B9B78634D}.R All|Any CPU.ActiveCfg = Release|Any CPU
		{CC5D215F-0FE4-C782-6FCE-CC5B9B78634D}.R All|Any CPU.Build.0 = Release|Any CPU
		{CC5D215F-0FE4-C782-6FCE-CC5B9B78634D}.Razor|Any CPU.ActiveCfg = Debug|Any CPU
		{CC5D215F-0FE4-C782-6FCE-CC5B9B78634D}.Razor|Any CPU.Build.0 = Debug|Any CPU
		{CC5D215F-0FE4-C782-6FCE-CC5B9B78634D}.Release|Any CPU.ActiveCfg = Release|Any CPU
		{23A1D184-113A-456F-381E-966AF5784668}.D All|Any CPU.ActiveCfg = Debug|Any CPU
		{23A1D184-113A-456F-381E-966AF5784668}.D All|Any CPU.Build.0 = Debug|Any CPU
		{23A1D184-113A-456F-381E-966AF5784668}.Debug|Any CPU.ActiveCfg = Debug|Any CPU
		{23A1D184-113A-456F-381E-966AF5784668}.R All|Any CPU.ActiveCfg = Release|Any CPU
		{23A1D184-113A-456F-381E-966AF5784668}.R All|Any CPU.Build.0 = Release|Any CPU
		{23A1D184-113A-456F-381E-966AF5784668}.Razor|Any CPU.ActiveCfg = Debug|Any CPU
		{23A1D184-113A-456F-381E-966AF5784668}.Razor|Any CPU.Build.0 = Debug|Any CPU
		{23A1D184-113A-456F-381E-966AF5784668}.Release|Any CPU.ActiveCfg = Release|Any CPU
		{652C3F8F-F986-D906-4497-6AA13E95FF70}.D All|Any CPU.ActiveCfg = Debug|Any CPU
		{652C3F8F-F986-D906-4497-6AA13E95FF70}.D All|Any CPU.Build.0 = Debug|Any CPU
		{652C3F8F-F986-D906-4497-6AA13E95FF70}.Debug|Any CPU.ActiveCfg = Debug|Any CPU
		{652C3F8F-F986-D906-4497-6AA13E95FF70}.R All|Any CPU.ActiveCfg = Release|Any CPU
		{652C3F8F-F986-D906-4497-6AA13E95FF70}.R All|Any CPU.Build.0 = Release|Any CPU
		{652C3F8F-F986-D906-4497-6AA13E95FF70}.Razor|Any CPU.ActiveCfg = Debug|Any CPU
		{652C3F8F-F986-D906-4497-6AA13E95FF70}.Razor|Any CPU.Build.0 = Debug|Any CPU
		{652C3F8F-F986-D906-4497-6AA13E95FF70}.Release|Any CPU.ActiveCfg = Release|Any CPU
		{BF570339-FFC6-447C-B1DA-DE095678BF82}.D All|Any CPU.ActiveCfg = Debug|Any CPU
		{BF570339-FFC6-447C-B1DA-DE095678BF82}.D All|Any CPU.Build.0 = Debug|Any CPU
		{BF570339-FFC6-447C-B1DA-DE095678BF82}.Debug|Any CPU.ActiveCfg = Debug|Any CPU
		{BF570339-FFC6-447C-B1DA-DE095678BF82}.R All|Any CPU.ActiveCfg = Release|Any CPU
		{BF570339-FFC6-447C-B1DA-DE095678BF82}.R All|Any CPU.Build.0 = Release|Any CPU
		{BF570339-FFC6-447C-B1DA-DE095678BF82}.Razor|Any CPU.ActiveCfg = Debug|Any CPU
		{BF570339-FFC6-447C-B1DA-DE095678BF82}.Razor|Any CPU.Build.0 = Debug|Any CPU
		{BF570339-FFC6-447C-B1DA-DE095678BF82}.Release|Any CPU.ActiveCfg = Release|Any CPU
		{7C4AEBB2-2E36-476E-95FE-F52854C40A02}.D All|Any CPU.ActiveCfg = Debug|Any CPU
		{7C4AEBB2-2E36-476E-95FE-F52854C40A02}.D All|Any CPU.Build.0 = Debug|Any CPU
		{7C4AEBB2-2E36-476E-95FE-F52854C40A02}.Debug|Any CPU.ActiveCfg = Debug|Any CPU
		{7C4AEBB2-2E36-476E-95FE-F52854C40A02}.R All|Any CPU.ActiveCfg = Release|Any CPU
		{7C4AEBB2-2E36-476E-95FE-F52854C40A02}.R All|Any CPU.Build.0 = Release|Any CPU
		{7C4AEBB2-2E36-476E-95FE-F52854C40A02}.Razor|Any CPU.ActiveCfg = Debug|Any CPU
		{7C4AEBB2-2E36-476E-95FE-F52854C40A02}.Razor|Any CPU.Build.0 = Debug|Any CPU
		{7C4AEBB2-2E36-476E-95FE-F52854C40A02}.Release|Any CPU.ActiveCfg = Release|Any CPU
		{9E42696C-4665-44DA-A2A7-4AAC1A73398C}.D All|Any CPU.ActiveCfg = Debug|Any CPU
		{9E42696C-4665-44DA-A2A7-4AAC1A73398C}.D All|Any CPU.Build.0 = Debug|Any CPU
		{9E42696C-4665-44DA-A2A7-4AAC1A73398C}.Debug|Any CPU.ActiveCfg = Debug|Any CPU
		{9E42696C-4665-44DA-A2A7-4AAC1A73398C}.R All|Any CPU.ActiveCfg = Release|Any CPU
		{9E42696C-4665-44DA-A2A7-4AAC1A73398C}.R All|Any CPU.Build.0 = Release|Any CPU
		{9E42696C-4665-44DA-A2A7-4AAC1A73398C}.Razor|Any CPU.ActiveCfg = Debug|Any CPU
		{9E42696C-4665-44DA-A2A7-4AAC1A73398C}.Razor|Any CPU.Build.0 = Debug|Any CPU
		{9E42696C-4665-44DA-A2A7-4AAC1A73398C}.Release|Any CPU.ActiveCfg = Release|Any CPU
		{2098990C-697D-46CE-8541-B3B636FBAE21}.D All|Any CPU.ActiveCfg = Debug|Any CPU
		{2098990C-697D-46CE-8541-B3B636FBAE21}.D All|Any CPU.Build.0 = Debug|Any CPU
		{2098990C-697D-46CE-8541-B3B636FBAE21}.Debug|Any CPU.ActiveCfg = Debug|Any CPU
		{2098990C-697D-46CE-8541-B3B636FBAE21}.R All|Any CPU.ActiveCfg = Release|Any CPU
		{2098990C-697D-46CE-8541-B3B636FBAE21}.R All|Any CPU.Build.0 = Release|Any CPU
		{2098990C-697D-46CE-8541-B3B636FBAE21}.Razor|Any CPU.ActiveCfg = Debug|Any CPU
		{2098990C-697D-46CE-8541-B3B636FBAE21}.Razor|Any CPU.Build.0 = Debug|Any CPU
		{2098990C-697D-46CE-8541-B3B636FBAE21}.Release|Any CPU.ActiveCfg = Release|Any CPU
		{3BB4277A-A2B0-416A-9D0F-167D0DB0507C}.D All|Any CPU.ActiveCfg = Debug|Any CPU
		{3BB4277A-A2B0-416A-9D0F-167D0DB0507C}.D All|Any CPU.Build.0 = Debug|Any CPU
		{3BB4277A-A2B0-416A-9D0F-167D0DB0507C}.Debug|Any CPU.ActiveCfg = Debug|Any CPU
		{3BB4277A-A2B0-416A-9D0F-167D0DB0507C}.R All|Any CPU.ActiveCfg = Release|Any CPU
		{3BB4277A-A2B0-416A-9D0F-167D0DB0507C}.R All|Any CPU.Build.0 = Release|Any CPU
		{3BB4277A-A2B0-416A-9D0F-167D0DB0507C}.Razor|Any CPU.ActiveCfg = Debug|Any CPU
		{3BB4277A-A2B0-416A-9D0F-167D0DB0507C}.Razor|Any CPU.Build.0 = Debug|Any CPU
		{3BB4277A-A2B0-416A-9D0F-167D0DB0507C}.Release|Any CPU.ActiveCfg = Release|Any CPU
		{C8F9D988-B081-4E0A-9082-223C7A8E6F3F}.D All|Any CPU.ActiveCfg = Debug|Any CPU
		{C8F9D988-B081-4E0A-9082-223C7A8E6F3F}.D All|Any CPU.Build.0 = Debug|Any CPU
		{C8F9D988-B081-4E0A-9082-223C7A8E6F3F}.Debug|Any CPU.ActiveCfg = Debug|Any CPU
		{C8F9D988-B081-4E0A-9082-223C7A8E6F3F}.R All|Any CPU.ActiveCfg = Release|Any CPU
		{C8F9D988-B081-4E0A-9082-223C7A8E6F3F}.R All|Any CPU.Build.0 = Release|Any CPU
		{C8F9D988-B081-4E0A-9082-223C7A8E6F3F}.Razor|Any CPU.ActiveCfg = Debug|Any CPU
		{C8F9D988-B081-4E0A-9082-223C7A8E6F3F}.Razor|Any CPU.Build.0 = Debug|Any CPU
		{C8F9D988-B081-4E0A-9082-223C7A8E6F3F}.Release|Any CPU.ActiveCfg = Release|Any CPU
		{158DF8B0-3924-4C6B-8696-3CD367A73F05}.D All|Any CPU.ActiveCfg = Debug|Any CPU
		{158DF8B0-3924-4C6B-8696-3CD367A73F05}.Debug|Any CPU.ActiveCfg = Debug|Any CPU
		{158DF8B0-3924-4C6B-8696-3CD367A73F05}.R All|Any CPU.ActiveCfg = Release|Any CPU
		{158DF8B0-3924-4C6B-8696-3CD367A73F05}.Razor|Any CPU.ActiveCfg = Debug|Any CPU
		{158DF8B0-3924-4C6B-8696-3CD367A73F05}.Razor|Any CPU.Build.0 = Debug|Any CPU
		{158DF8B0-3924-4C6B-8696-3CD367A73F05}.Release|Any CPU.ActiveCfg = Release|Any CPU
		{158DF8B0-3924-4C6B-8696-3CD367A73F05}.Release|Any CPU.Build.0 = Release|Any CPU
		{B9A4F8A9-AAF0-8BB7-18DF-A249208720C5}.D All|Any CPU.ActiveCfg = Debug|Any CPU
		{B9A4F8A9-AAF0-8BB7-18DF-A249208720C5}.Debug|Any CPU.ActiveCfg = Debug|Any CPU
		{B9A4F8A9-AAF0-8BB7-18DF-A249208720C5}.R All|Any CPU.ActiveCfg = Release|Any CPU
		{B9A4F8A9-AAF0-8BB7-18DF-A249208720C5}.Razor|Any CPU.ActiveCfg = Debug|Any CPU
		{B9A4F8A9-AAF0-8BB7-18DF-A249208720C5}.Razor|Any CPU.Build.0 = Debug|Any CPU
		{B9A4F8A9-AAF0-8BB7-18DF-A249208720C5}.Release|Any CPU.ActiveCfg = Release|Any CPU
		{B9A4F8A9-AAF0-8BB7-18DF-A249208720C5}.Release|Any CPU.Build.0 = Release|Any CPU
		{8BC9CEB8-8B4A-11D0-8D11-00A0C91BC942}.D All|Any CPU.ActiveCfg = Release|Any CPU
		{8BC9CEB8-8B4A-11D0-8D11-00A0C91BC942}.D All|Any CPU.Build.0 = Release|Any CPU
		{8BC9CEB8-8B4A-11D0-8D11-00A0C91BC942}.Debug|Any CPU.ActiveCfg = Debug|Any CPU
		{8BC9CEB8-8B4A-11D0-8D11-00A0C91BC942}.R All|Any CPU.ActiveCfg = Debug|Any CPU
		{8BC9CEB8-8B4A-11D0-8D11-00A0C91BC942}.R All|Any CPU.Build.0 = Debug|Any CPU
		{8BC9CEB8-8B4A-11D0-8D11-00A0C91BC942}.Razor|Any CPU.ActiveCfg = Debug|Any CPU
		{8BC9CEB8-8B4A-11D0-8D11-00A0C91BC942}.Razor|Any CPU.Build.0 = Debug|Any CPU
		{8BC9CEB8-8B4A-11D0-8D11-00A0C91BC942}.Release|Any CPU.ActiveCfg = Release|Any CPU
		{8BC9CEB8-8B4A-11D0-8D11-00A0C91BC942}.Release|Any CPU.Build.0 = Release|Any CPU
		{B88A1FF0-9BDD-3CFE-CB22-F8F93AC32F00}.D All|Any CPU.ActiveCfg = Release|Any CPU
		{B88A1FF0-9BDD-3CFE-CB22-F8F93AC32F00}.Debug|Any CPU.ActiveCfg = Debug|Any CPU
		{B88A1FF0-9BDD-3CFE-CB22-F8F93AC32F00}.R All|Any CPU.ActiveCfg = Debug|Any CPU
		{B88A1FF0-9BDD-3CFE-CB22-F8F93AC32F00}.Razor|Any CPU.ActiveCfg = Debug|Any CPU
		{B88A1FF0-9BDD-3CFE-CB22-F8F93AC32F00}.Razor|Any CPU.Build.0 = Debug|Any CPU
		{B88A1FF0-9BDD-3CFE-CB22-F8F93AC32F00}.Release|Any CPU.ActiveCfg = Release|Any CPU
		{B88A1FF0-9BDD-3CFE-CB22-F8F93AC32F00}.Release|Any CPU.Build.0 = Release|Any CPU
		{6A2F5734-7E71-4874-B732-49A01472F4C1}.D All|Any CPU.ActiveCfg = Release|Any CPU
		{6A2F5734-7E71-4874-B732-49A01472F4C1}.D All|Any CPU.Build.0 = Release|Any CPU
		{6A2F5734-7E71-4874-B732-49A01472F4C1}.Debug|Any CPU.ActiveCfg = Debug|Any CPU
		{6A2F5734-7E71-4874-B732-49A01472F4C1}.Debug|Any CPU.Build.0 = Debug|Any CPU
		{6A2F5734-7E71-4874-B732-49A01472F4C1}.R All|Any CPU.ActiveCfg = Debug|Any CPU
		{6A2F5734-7E71-4874-B732-49A01472F4C1}.R All|Any CPU.Build.0 = Debug|Any CPU
		{6A2F5734-7E71-4874-B732-49A01472F4C1}.Razor|Any CPU.ActiveCfg = Debug|Any CPU
		{6A2F5734-7E71-4874-B732-49A01472F4C1}.Razor|Any CPU.Build.0 = Debug|Any CPU
		{6A2F5734-7E71-4874-B732-49A01472F4C1}.Release|Any CPU.ActiveCfg = Release|Any CPU
		{6A2F5734-7E71-4874-B732-49A01472F4C1}.Release|Any CPU.Build.0 = Release|Any CPU
	EndGlobalSection
	GlobalSection(SolutionProperties) = preSolution
		HideSolutionNode = FALSE
	EndGlobalSection
	GlobalSection(ExtensibilityGlobals) = postSolution
		SolutionGuid = {5246FDCC-59B3-4727-A3B3-159E4DFBC825}
	EndGlobalSection
EndGlobal
