
Microsoft Visual Studio Solution File, Format Version 12.00
# Visual Studio 15
VisualStudioVersion = 15.0.28010.2041
MinimumVisualStudioVersion = 10.0.40219.1
Project("{FAE04EC0-301F-11D3-BF4B-00C04F79EFBC}") = "Simplisity", "Simplisity.csproj", "{A0846C00-B078-4C83-893B-758D833A7542}"
EndProject
Global
	GlobalSection(SolutionConfigurationPlatforms) = preSolution
		Debug|Any CPU = Debug|Any CPU
		Release|Any CPU = Release|Any CPU
	EndGlobalSection
	GlobalSection(ProjectConfigurationPlatforms) = postSolution
		{A0846C00-B078-4C83-893B-758D833A7542}.Debug|Any CPU.ActiveCfg = Debug|Any CPU
		{A0846C00-B078-4C83-893B-758D833A7542}.Debug|Any CPU.Build.0 = Debug|Any CPU
		{A0846C00-B078-4C83-893B-758D833A7542}.Release|Any CPU.ActiveCfg = Release|Any CPU
		{A0846C00-B078-4C83-893B-758D833A7542}.Release|Any CPU.Build.0 = Release|Any CPU
	EndGlobalSection
	GlobalSection(SolutionProperties) = preSolution
		HideSolutionNode = FALSE
	EndGlobalSection
	GlobalSection(ExtensibilityGlobals) = postSolution
		SolutionGuid = {04028685-0891-4090-9872-C5A9DD462A32}
	EndGlobalSection
EndGlobal
