
Microsoft Visual Studio Solution File, Format Version 12.00
# Visual Studio Version 16
VisualStudioVersion = 16.0.29920.165
MinimumVisualStudioVersion = 10.0.40219.1
Project("{9A19103F-16F7-4668-BE54-9A1E7A4F7556}") = "RocketRemoteMod", "RocketRemoteMod.csproj", "{15694FEB-E574-49EF-BA56-AB45C8F1253B}"
EndProject
Project("{FAE04EC0-301F-11D3-BF4B-00C04F79EFBC}") = "DNNrocketAPI", "..\API\DNNrocketAPI.csproj", "{2200F6C3-7D4B-4CDF-908F-DCA37ADFB121}"
EndProject
Project("{9A19103F-16F7-4668-BE54-9A1E7A4F7556}") = "RocketMod", "..\RocketMod\RocketMod.csproj", "{8D78A7FB-A8F5-40A8-9E84-ECABCB1F7122}"
EndProject
Project("{9A19103F-16F7-4668-BE54-9A1E7A4F7556}") = "RocketEcommerce", "..\..\DNNrocketModules\RocketEcommerce\RocketEcommerce.csproj", "{684C3E84-C769-4890-A444-FE80F51DF2D9}"
EndProject
Project("{9A19103F-16F7-4668-BE54-9A1E7A4F7556}") = "RocketThemes", "..\..\RocketThemes\RocketThemes.csproj", "{C8244BEA-155E-4F64-8BD2-4394A18FB19E}"
EndProject
Global
	GlobalSection(SolutionConfigurationPlatforms) = preSolution
		Debug|Any CPU = Debug|Any CPU
		Release|Any CPU = Release|Any CPU
	EndGlobalSection
	GlobalSection(ProjectConfigurationPlatforms) = postSolution
		{15694FEB-E574-49EF-BA56-AB45C8F1253B}.Debug|Any CPU.ActiveCfg = Debug|Any CPU
		{15694FEB-E574-49EF-BA56-AB45C8F1253B}.Debug|Any CPU.Build.0 = Debug|Any CPU
		{15694FEB-E574-49EF-BA56-AB45C8F1253B}.Release|Any CPU.ActiveCfg = Release|Any CPU
		{15694FEB-E574-49EF-BA56-AB45C8F1253B}.Release|Any CPU.Build.0 = Release|Any CPU
		{2200F6C3-7D4B-4CDF-908F-DCA37ADFB121}.Debug|Any CPU.ActiveCfg = Debug|Any CPU
		{2200F6C3-7D4B-4CDF-908F-DCA37ADFB121}.Debug|Any CPU.Build.0 = Debug|Any CPU
		{2200F6C3-7D4B-4CDF-908F-DCA37ADFB121}.Release|Any CPU.ActiveCfg = Release|Any CPU
		{2200F6C3-7D4B-4CDF-908F-DCA37ADFB121}.Release|Any CPU.Build.0 = Release|Any CPU
		{8D78A7FB-A8F5-40A8-9E84-ECABCB1F7122}.Debug|Any CPU.ActiveCfg = Debug|Any CPU
		{8D78A7FB-A8F5-40A8-9E84-ECABCB1F7122}.Debug|Any CPU.Build.0 = Debug|Any CPU
		{8D78A7FB-A8F5-40A8-9E84-ECABCB1F7122}.Release|Any CPU.ActiveCfg = Release|Any CPU
		{8D78A7FB-A8F5-40A8-9E84-ECABCB1F7122}.Release|Any CPU.Build.0 = Release|Any CPU
		{684C3E84-C769-4890-A444-FE80F51DF2D9}.Debug|Any CPU.ActiveCfg = Debug|Any CPU
		{684C3E84-C769-4890-A444-FE80F51DF2D9}.Debug|Any CPU.Build.0 = Debug|Any CPU
		{684C3E84-C769-4890-A444-FE80F51DF2D9}.Release|Any CPU.ActiveCfg = Release|Any CPU
		{684C3E84-C769-4890-A444-FE80F51DF2D9}.Release|Any CPU.Build.0 = Release|Any CPU
		{C8244BEA-155E-4F64-8BD2-4394A18FB19E}.Debug|Any CPU.ActiveCfg = Debug|Any CPU
		{C8244BEA-155E-4F64-8BD2-4394A18FB19E}.Debug|Any CPU.Build.0 = Debug|Any CPU
		{C8244BEA-155E-4F64-8BD2-4394A18FB19E}.Release|Any CPU.ActiveCfg = Release|Any CPU
		{C8244BEA-155E-4F64-8BD2-4394A18FB19E}.Release|Any CPU.Build.0 = Release|Any CPU
	EndGlobalSection
	GlobalSection(SolutionProperties) = preSolution
		HideSolutionNode = FALSE
	EndGlobalSection
	GlobalSection(ExtensibilityGlobals) = postSolution
		SolutionGuid = {3C539758-2A3D-4C92-930E-48F894B548ED}
	EndGlobalSection
EndGlobal
